// !$*UTF8*$!
{
	archiveVersion = 1;
	classes = {
	};
	objectVersion = 51;
	objects = {

/* Begin PBXBuildFile section */
		542F02D02367C14F00C20E91 /* AppDelegate.swift in Sources */ = {isa = PBXBuildFile; fileRef = 542F02CF2367C14F00C20E91 /* AppDelegate.swift */; };
		542F02D22367C14F00C20E91 /* ViewController.swift in Sources */ = {isa = PBXBuildFile; fileRef = 542F02D12367C14F00C20E91 /* ViewController.swift */; };
		542F02D52367C14F00C20E91 /* Main.storyboard in Resources */ = {isa = PBXBuildFile; fileRef = 542F02D32367C14F00C20E91 /* Main.storyboard */; };
		542F02D72367C15300C20E91 /* Assets.xcassets in Resources */ = {isa = PBXBuildFile; fileRef = 542F02D62367C15300C20E91 /* Assets.xcassets */; };
		542F02DA2367C15300C20E91 /* LaunchScreen.storyboard in Resources */ = {isa = PBXBuildFile; fileRef = 542F02D82367C15300C20E91 /* LaunchScreen.storyboard */; };
		542F02E42367D34900C20E91 /* TopPagePanelView.swift in Sources */ = {isa = PBXBuildFile; fileRef = 542F02E32367D34900C20E91 /* TopPagePanelView.swift */; };
		542F02E62367D76600C20E91 /* choushinki.png in Resources */ = {isa = PBXBuildFile; fileRef = 542F02E52367D76600C20E91 /* choushinki.png */; };
		542F02E82367DA0900C20E91 /* exposure.png in Resources */ = {isa = PBXBuildFile; fileRef = 542F02E72367DA0800C20E91 /* exposure.png */; };
		542F02EA2367DA6000C20E91 /* trap_sample.png in Resources */ = {isa = PBXBuildFile; fileRef = 542F02E92367DA5F00C20E91 /* trap_sample.png */; };
		5441B4BC2369AE9C003E2B15 /* CbtSheetPageViewController.swift in Sources */ = {isa = PBXBuildFile; fileRef = 5441B4BB2369AE9C003E2B15 /* CbtSheetPageViewController.swift */; };
		5441B4BE2369AEBB003E2B15 /* MyPageViewController.swift in Sources */ = {isa = PBXBuildFile; fileRef = 5441B4BD2369AEBB003E2B15 /* MyPageViewController.swift */; };
		5441B4C02369AECE003E2B15 /* AboutCbtPageViewController.swift in Sources */ = {isa = PBXBuildFile; fileRef = 5441B4BF2369AECE003E2B15 /* AboutCbtPageViewController.swift */; };
		5441B4C22369AFBE003E2B15 /* PhotoViewController.swift in Sources */ = {isa = PBXBuildFile; fileRef = 5441B4C12369AFBE003E2B15 /* PhotoViewController.swift */; };
		5441B4C42369B055003E2B15 /* RootViewController.swift in Sources */ = {isa = PBXBuildFile; fileRef = 5441B4C32369B054003E2B15 /* RootViewController.swift */; };
		5441B4C62369B1E4003E2B15 /* HomePageViewController.swift in Sources */ = {isa = PBXBuildFile; fileRef = 5441B4C52369B1E3003E2B15 /* HomePageViewController.swift */; };
		5449C7C8236E871E008BD6B0 /* test_background.jpg in Resources */ = {isa = PBXBuildFile; fileRef = 5449C7C7236E871E008BD6B0 /* test_background.jpg */; };
		5449C7CB236EA4F2008BD6B0 /* CustomCell.swift in Sources */ = {isa = PBXBuildFile; fileRef = 5449C7C9236EA4F2008BD6B0 /* CustomCell.swift */; };
		5449C7CC236EA4F2008BD6B0 /* CustomCell.xib in Resources */ = {isa = PBXBuildFile; fileRef = 5449C7CA236EA4F2008BD6B0 /* CustomCell.xib */; };
		5449C7CE236EA6A2008BD6B0 /* Model.swift in Sources */ = {isa = PBXBuildFile; fileRef = 5449C7CD236EA6A2008BD6B0 /* Model.swift */; };
		54507B8E2372C43000492F10 /* TopPageTableViewCell.swift in Sources */ = {isa = PBXBuildFile; fileRef = 54507B8D2372C43000492F10 /* TopPageTableViewCell.swift */; };
		54507B902372C75E00492F10 /* SheetModel.swift in Sources */ = {isa = PBXBuildFile; fileRef = 54507B8F2372C75E00492F10 /* SheetModel.swift */; };
		5457B913236D312B00295F57 /* AutoThinkingSheetPageViewController.swift in Sources */ = {isa = PBXBuildFile; fileRef = 5457B912236D312B00295F57 /* AutoThinkingSheetPageViewController.swift */; };
		5468A4122369181600CD4AE1 /* View.xib in Resources */ = {isa = PBXBuildFile; fileRef = 5468A4112369181600CD4AE1 /* View.xib */; };
		5468A4142369195800CD4AE1 /* View.swift in Sources */ = {isa = PBXBuildFile; fileRef = 5468A4132369195800CD4AE1 /* View.swift */; };
		5468A416236922E100CD4AE1 /* BehavioralExperiment.swift in Sources */ = {isa = PBXBuildFile; fileRef = 5468A415236922E100CD4AE1 /* BehavioralExperiment.swift */; };
		5468A418236922F400CD4AE1 /* BehavioralExperiment.xib in Resources */ = {isa = PBXBuildFile; fileRef = 5468A417236922F400CD4AE1 /* BehavioralExperiment.xib */; };
		5468A41A23693AB100CD4AE1 /* TopPageViewController.swift in Sources */ = {isa = PBXBuildFile; fileRef = 5468A41923693AB100CD4AE1 /* TopPageViewController.swift */; };
		54A28AA12373BAC9002063F1 /* KeepRecordingPageViewController.swift in Sources */ = {isa = PBXBuildFile; fileRef = 54A28AA02373BAC9002063F1 /* KeepRecordingPageViewController.swift */; };
		54A28AA42373BDEA002063F1 /* BehavioralExperimentCellCollectionViewCell.swift in Sources */ = {isa = PBXBuildFile; fileRef = 54A28AA22373BDEA002063F1 /* BehavioralExperimentCellCollectionViewCell.swift */; };
		54A28AA52373BDEA002063F1 /* BehavioralExperimentCellCollectionViewCell.xib in Resources */ = {isa = PBXBuildFile; fileRef = 54A28AA32373BDEA002063F1 /* BehavioralExperimentCellCollectionViewCell.xib */; };
		54D3EAEF2372596100FF0FF8 /* MyDiaryLogTableViewCell.swift in Sources */ = {isa = PBXBuildFile; fileRef = 54D3EAEE2372596100FF0FF8 /* MyDiaryLogTableViewCell.swift */; };
		A322ECFD6F93C786E8103606 /* Pods_cbt_diary.framework in Frameworks */ = {isa = PBXBuildFile; fileRef = EE99A88DEDA5F9E4BE875D92 /* Pods_cbt_diary.framework */; };
/* End PBXBuildFile section */

/* Begin PBXFileReference section */
		542F02CC2367C14F00C20E91 /* cbt_diary.app */ = {isa = PBXFileReference; explicitFileType = wrapper.application; includeInIndex = 0; path = cbt_diary.app; sourceTree = BUILT_PRODUCTS_DIR; };
		542F02CF2367C14F00C20E91 /* AppDelegate.swift */ = {isa = PBXFileReference; lastKnownFileType = sourcecode.swift; path = AppDelegate.swift; sourceTree = "<group>"; };
		542F02D12367C14F00C20E91 /* ViewController.swift */ = {isa = PBXFileReference; lastKnownFileType = sourcecode.swift; path = ViewController.swift; sourceTree = "<group>"; };
		542F02D42367C14F00C20E91 /* Base */ = {isa = PBXFileReference; lastKnownFileType = file.storyboard; name = Base; path = Base.lproj/Main.storyboard; sourceTree = "<group>"; };
		542F02D62367C15300C20E91 /* Assets.xcassets */ = {isa = PBXFileReference; lastKnownFileType = folder.assetcatalog; path = Assets.xcassets; sourceTree = "<group>"; };
		542F02D92367C15300C20E91 /* Base */ = {isa = PBXFileReference; lastKnownFileType = file.storyboard; name = Base; path = Base.lproj/LaunchScreen.storyboard; sourceTree = "<group>"; };
		542F02DB2367C15300C20E91 /* Info.plist */ = {isa = PBXFileReference; lastKnownFileType = text.plist.xml; path = Info.plist; sourceTree = "<group>"; };
		542F02E32367D34900C20E91 /* TopPagePanelView.swift */ = {isa = PBXFileReference; lastKnownFileType = sourcecode.swift; path = TopPagePanelView.swift; sourceTree = "<group>"; };
		542F02E52367D76600C20E91 /* choushinki.png */ = {isa = PBXFileReference; lastKnownFileType = image.png; path = choushinki.png; sourceTree = "<group>"; };
		542F02E72367DA0800C20E91 /* exposure.png */ = {isa = PBXFileReference; lastKnownFileType = image.png; path = exposure.png; sourceTree = "<group>"; };
		542F02E92367DA5F00C20E91 /* trap_sample.png */ = {isa = PBXFileReference; lastKnownFileType = image.png; path = trap_sample.png; sourceTree = "<group>"; };
		5441B4BB2369AE9C003E2B15 /* CbtSheetPageViewController.swift */ = {isa = PBXFileReference; lastKnownFileType = sourcecode.swift; path = CbtSheetPageViewController.swift; sourceTree = "<group>"; };
		5441B4BD2369AEBB003E2B15 /* MyPageViewController.swift */ = {isa = PBXFileReference; lastKnownFileType = sourcecode.swift; path = MyPageViewController.swift; sourceTree = "<group>"; };
		5441B4BF2369AECE003E2B15 /* AboutCbtPageViewController.swift */ = {isa = PBXFileReference; lastKnownFileType = sourcecode.swift; path = AboutCbtPageViewController.swift; sourceTree = "<group>"; };
		5441B4C12369AFBE003E2B15 /* PhotoViewController.swift */ = {isa = PBXFileReference; lastKnownFileType = sourcecode.swift; path = PhotoViewController.swift; sourceTree = "<group>"; };
		5441B4C32369B054003E2B15 /* RootViewController.swift */ = {isa = PBXFileReference; lastKnownFileType = sourcecode.swift; path = RootViewController.swift; sourceTree = "<group>"; };
		5441B4C52369B1E3003E2B15 /* HomePageViewController.swift */ = {isa = PBXFileReference; lastKnownFileType = sourcecode.swift; path = HomePageViewController.swift; sourceTree = "<group>"; };
		5449C7C7236E871E008BD6B0 /* test_background.jpg */ = {isa = PBXFileReference; lastKnownFileType = image.jpeg; path = test_background.jpg; sourceTree = "<group>"; };
		5449C7C9236EA4F2008BD6B0 /* CustomCell.swift */ = {isa = PBXFileReference; lastKnownFileType = sourcecode.swift; path = CustomCell.swift; sourceTree = "<group>"; };
		5449C7CA236EA4F2008BD6B0 /* CustomCell.xib */ = {isa = PBXFileReference; lastKnownFileType = file.xib; path = CustomCell.xib; sourceTree = "<group>"; };
		5449C7CD236EA6A2008BD6B0 /* Model.swift */ = {isa = PBXFileReference; lastKnownFileType = sourcecode.swift; path = Model.swift; sourceTree = "<group>"; };
		54507B8D2372C43000492F10 /* TopPageTableViewCell.swift */ = {isa = PBXFileReference; lastKnownFileType = sourcecode.swift; path = TopPageTableViewCell.swift; sourceTree = "<group>"; };
		54507B8F2372C75E00492F10 /* SheetModel.swift */ = {isa = PBXFileReference; lastKnownFileType = sourcecode.swift; path = SheetModel.swift; sourceTree = "<group>"; };
		5457B912236D312B00295F57 /* AutoThinkingSheetPageViewController.swift */ = {isa = PBXFileReference; lastKnownFileType = sourcecode.swift; path = AutoThinkingSheetPageViewController.swift; sourceTree = "<group>"; };
		5468A4112369181600CD4AE1 /* View.xib */ = {isa = PBXFileReference; lastKnownFileType = file.xib; path = View.xib; sourceTree = "<group>"; };
		5468A4132369195800CD4AE1 /* View.swift */ = {isa = PBXFileReference; lastKnownFileType = sourcecode.swift; path = View.swift; sourceTree = "<group>"; };
		5468A415236922E100CD4AE1 /* BehavioralExperiment.swift */ = {isa = PBXFileReference; lastKnownFileType = sourcecode.swift; path = BehavioralExperiment.swift; sourceTree = "<group>"; };
		5468A417236922F400CD4AE1 /* BehavioralExperiment.xib */ = {isa = PBXFileReference; lastKnownFileType = file.xib; path = BehavioralExperiment.xib; sourceTree = "<group>"; };
		5468A41923693AB100CD4AE1 /* TopPageViewController.swift */ = {isa = PBXFileReference; lastKnownFileType = sourcecode.swift; path = TopPageViewController.swift; sourceTree = "<group>"; };
		54A28AA02373BAC9002063F1 /* KeepRecordingPageViewController.swift */ = {isa = PBXFileReference; lastKnownFileType = sourcecode.swift; path = KeepRecordingPageViewController.swift; sourceTree = "<group>"; };
		54A28AA22373BDEA002063F1 /* BehavioralExperimentCellCollectionViewCell.swift */ = {isa = PBXFileReference; lastKnownFileType = sourcecode.swift; path = BehavioralExperimentCellCollectionViewCell.swift; sourceTree = "<group>"; };
		54A28AA32373BDEA002063F1 /* BehavioralExperimentCellCollectionViewCell.xib */ = {isa = PBXFileReference; lastKnownFileType = file.xib; path = BehavioralExperimentCellCollectionViewCell.xib; sourceTree = "<group>"; };
		54D3EAEE2372596100FF0FF8 /* MyDiaryLogTableViewCell.swift */ = {isa = PBXFileReference; lastKnownFileType = sourcecode.swift; path = MyDiaryLogTableViewCell.swift; sourceTree = "<group>"; };
		5921CD0060BEDAC27283CF74 /* Pods-cbt_diary.debug.xcconfig */ = {isa = PBXFileReference; includeInIndex = 1; lastKnownFileType = text.xcconfig; name = "Pods-cbt_diary.debug.xcconfig"; path = "Target Support Files/Pods-cbt_diary/Pods-cbt_diary.debug.xcconfig"; sourceTree = "<group>"; };
		9D555DA2F09EA2B972E9B796 /* Pods-cbt_diary.release.xcconfig */ = {isa = PBXFileReference; includeInIndex = 1; lastKnownFileType = text.xcconfig; name = "Pods-cbt_diary.release.xcconfig"; path = "Target Support Files/Pods-cbt_diary/Pods-cbt_diary.release.xcconfig"; sourceTree = "<group>"; };
		EE99A88DEDA5F9E4BE875D92 /* Pods_cbt_diary.framework */ = {isa = PBXFileReference; explicitFileType = wrapper.framework; includeInIndex = 0; path = Pods_cbt_diary.framework; sourceTree = BUILT_PRODUCTS_DIR; };
/* End PBXFileReference section */

/* Begin PBXFrameworksBuildPhase section */
		542F02C92367C14F00C20E91 /* Frameworks */ = {
			isa = PBXFrameworksBuildPhase;
			buildActionMask = 2147483647;
			files = (
				A322ECFD6F93C786E8103606 /* Pods_cbt_diary.framework in Frameworks */,
			);
			runOnlyForDeploymentPostprocessing = 0;
		};
/* End PBXFrameworksBuildPhase section */

/* Begin PBXGroup section */
		36D7548BD5DD475273365779 /* Frameworks */ = {
			isa = PBXGroup;
			children = (
				EE99A88DEDA5F9E4BE875D92 /* Pods_cbt_diary.framework */,
			);
			name = Frameworks;
			sourceTree = "<group>";
		};
		542F02C32367C14F00C20E91 = {
			isa = PBXGroup;
			children = (
				542F02CE2367C14F00C20E91 /* cbt_diary */,
				542F02CD2367C14F00C20E91 /* Products */,
				B3AD2EDD31942AC36BC29B01 /* Pods */,
				36D7548BD5DD475273365779 /* Frameworks */,
			);
			sourceTree = "<group>";
		};
		542F02CD2367C14F00C20E91 /* Products */ = {
			isa = PBXGroup;
			children = (
				542F02CC2367C14F00C20E91 /* cbt_diary.app */,
			);
			name = Products;
			sourceTree = "<group>";
		};
		542F02CE2367C14F00C20E91 /* cbt_diary */ = {
			isa = PBXGroup;
			children = (
				5449C7C7236E871E008BD6B0 /* test_background.jpg */,
				5441B4BF2369AECE003E2B15 /* AboutCbtPageViewController.swift */,
				542F02CF2367C14F00C20E91 /* AppDelegate.swift */,
				542F02D12367C14F00C20E91 /* ViewController.swift */,
				542F02D32367C14F00C20E91 /* Main.storyboard */,
				542F02E52367D76600C20E91 /* choushinki.png */,
				542F02D62367C15300C20E91 /* Assets.xcassets */,
				542F02E72367DA0800C20E91 /* exposure.png */,
				542F02E92367DA5F00C20E91 /* trap_sample.png */,
				542F02D82367C15300C20E91 /* LaunchScreen.storyboard */,
				542F02DB2367C15300C20E91 /* Info.plist */,
				542F02E32367D34900C20E91 /* TopPagePanelView.swift */,
				5468A4112369181600CD4AE1 /* View.xib */,
				5468A4132369195800CD4AE1 /* View.swift */,
				5468A415236922E100CD4AE1 /* BehavioralExperiment.swift */,
				5468A417236922F400CD4AE1 /* BehavioralExperiment.xib */,
				5468A41923693AB100CD4AE1 /* TopPageViewController.swift */,
				54507B8D2372C43000492F10 /* TopPageTableViewCell.swift */,
				54507B8F2372C75E00492F10 /* SheetModel.swift */,
				5441B4BB2369AE9C003E2B15 /* CbtSheetPageViewController.swift */,
				5441B4BD2369AEBB003E2B15 /* MyPageViewController.swift */,
				5441B4C12369AFBE003E2B15 /* PhotoViewController.swift */,
				5441B4C32369B054003E2B15 /* RootViewController.swift */,
				5441B4C52369B1E3003E2B15 /* HomePageViewController.swift */,
				5457B912236D312B00295F57 /* AutoThinkingSheetPageViewController.swift */,
				5449C7C9236EA4F2008BD6B0 /* CustomCell.swift */,
				5449C7CA236EA4F2008BD6B0 /* CustomCell.xib */,
				5449C7CD236EA6A2008BD6B0 /* Model.swift */,
				54D3EAEE2372596100FF0FF8 /* MyDiaryLogTableViewCell.swift */,
				54A28AA02373BAC9002063F1 /* KeepRecordingPageViewController.swift */,
				54A28AA22373BDEA002063F1 /* BehavioralExperimentCellCollectionViewCell.swift */,
				54A28AA32373BDEA002063F1 /* BehavioralExperimentCellCollectionViewCell.xib */,
			);
			path = cbt_diary;
			sourceTree = "<group>";
		};
		B3AD2EDD31942AC36BC29B01 /* Pods */ = {
			isa = PBXGroup;
			children = (
				5921CD0060BEDAC27283CF74 /* Pods-cbt_diary.debug.xcconfig */,
				9D555DA2F09EA2B972E9B796 /* Pods-cbt_diary.release.xcconfig */,
			);
			path = Pods;
			sourceTree = "<group>";
		};
/* End PBXGroup section */

/* Begin PBXNativeTarget section */
		542F02CB2367C14F00C20E91 /* cbt_diary */ = {
			isa = PBXNativeTarget;
			buildConfigurationList = 542F02DE2367C15300C20E91 /* Build configuration list for PBXNativeTarget "cbt_diary" */;
			buildPhases = (
				F5F3A4D59B50F0AF53F41675 /* [CP] Check Pods Manifest.lock */,
				542F02C82367C14F00C20E91 /* Sources */,
				542F02C92367C14F00C20E91 /* Frameworks */,
				542F02CA2367C14F00C20E91 /* Resources */,
				98D57499DE9C36E28F6D95F1 /* [CP] Embed Pods Frameworks */,
			);
			buildRules = (
			);
			dependencies = (
			);
			name = cbt_diary;
			productName = cbt_diary;
			productReference = 542F02CC2367C14F00C20E91 /* cbt_diary.app */;
			productType = "com.apple.product-type.application";
		};
/* End PBXNativeTarget section */

/* Begin PBXProject section */
		542F02C42367C14F00C20E91 /* Project object */ = {
			isa = PBXProject;
			attributes = {
				LastSwiftUpdateCheck = 1010;
				LastUpgradeCheck = 1010;
				ORGANIZATIONNAME = ryogo.niwa;
				TargetAttributes = {
					542F02CB2367C14F00C20E91 = {
						CreatedOnToolsVersion = 10.1;
					};
				};
			};
			buildConfigurationList = 542F02C72367C14F00C20E91 /* Build configuration list for PBXProject "cbt_diary" */;
			compatibilityVersion = "Xcode 9.3";
			developmentRegion = en;
			hasScannedForEncodings = 0;
			knownRegions = (
				en,
				Base,
			);
			mainGroup = 542F02C32367C14F00C20E91;
			productRefGroup = 542F02CD2367C14F00C20E91 /* Products */;
			projectDirPath = "";
			projectRoot = "";
			targets = (
				542F02CB2367C14F00C20E91 /* cbt_diary */,
			);
		};
/* End PBXProject section */

/* Begin PBXResourcesBuildPhase section */
		542F02CA2367C14F00C20E91 /* Resources */ = {
			isa = PBXResourcesBuildPhase;
			buildActionMask = 2147483647;
			files = (
				5468A4122369181600CD4AE1 /* View.xib in Resources */,
				5449C7CC236EA4F2008BD6B0 /* CustomCell.xib in Resources */,
				542F02DA2367C15300C20E91 /* LaunchScreen.storyboard in Resources */,
				542F02D72367C15300C20E91 /* Assets.xcassets in Resources */,
				54A28AA52373BDEA002063F1 /* BehavioralExperimentCellCollectionViewCell.xib in Resources */,
				542F02EA2367DA6000C20E91 /* trap_sample.png in Resources */,
				542F02E62367D76600C20E91 /* choushinki.png in Resources */,
				542F02D52367C14F00C20E91 /* Main.storyboard in Resources */,
				5449C7C8236E871E008BD6B0 /* test_background.jpg in Resources */,
				542F02E82367DA0900C20E91 /* exposure.png in Resources */,
				5468A418236922F400CD4AE1 /* BehavioralExperiment.xib in Resources */,
			);
			runOnlyForDeploymentPostprocessing = 0;
		};
/* End PBXResourcesBuildPhase section */

/* Begin PBXShellScriptBuildPhase section */
		98D57499DE9C36E28F6D95F1 /* [CP] Embed Pods Frameworks */ = {
			isa = PBXShellScriptBuildPhase;
			buildActionMask = 2147483647;
			files = (
			);
			inputFileListPaths = (
				"${PODS_ROOT}/Target Support Files/Pods-cbt_diary/Pods-cbt_diary-frameworks-${CONFIGURATION}-input-files.xcfilelist",
			);
			name = "[CP] Embed Pods Frameworks";
			outputFileListPaths = (
				"${PODS_ROOT}/Target Support Files/Pods-cbt_diary/Pods-cbt_diary-frameworks-${CONFIGURATION}-output-files.xcfilelist",
			);
			runOnlyForDeploymentPostprocessing = 0;
			shellPath = /bin/sh;
			shellScript = "\"${PODS_ROOT}/Target Support Files/Pods-cbt_diary/Pods-cbt_diary-frameworks.sh\"\n";
			showEnvVarsInLog = 0;
		};
		F5F3A4D59B50F0AF53F41675 /* [CP] Check Pods Manifest.lock */ = {
			isa = PBXShellScriptBuildPhase;
			buildActionMask = 2147483647;
			files = (
			);
			inputFileListPaths = (
			);
			inputPaths = (
				"${PODS_PODFILE_DIR_PATH}/Podfile.lock",
				"${PODS_ROOT}/Manifest.lock",
			);
			name = "[CP] Check Pods Manifest.lock";
			outputFileListPaths = (
			);
			outputPaths = (
				"$(DERIVED_FILE_DIR)/Pods-cbt_diary-checkManifestLockResult.txt",
			);
			runOnlyForDeploymentPostprocessing = 0;
			shellPath = /bin/sh;
			shellScript = "diff \"${PODS_PODFILE_DIR_PATH}/Podfile.lock\" \"${PODS_ROOT}/Manifest.lock\" > /dev/null\nif [ $? != 0 ] ; then\n    # print error to STDERR\n    echo \"error: The sandbox is not in sync with the Podfile.lock. Run 'pod install' or update your CocoaPods installation.\" >&2\n    exit 1\nfi\n# This output is used by Xcode 'outputs' to avoid re-running this script phase.\necho \"SUCCESS\" > \"${SCRIPT_OUTPUT_FILE_0}\"\n";
			showEnvVarsInLog = 0;
		};
/* End PBXShellScriptBuildPhase section */

/* Begin PBXSourcesBuildPhase section */
		542F02C82367C14F00C20E91 /* Sources */ = {
			isa = PBXSourcesBuildPhase;
			buildActionMask = 2147483647;
			files = (
				5468A4142369195800CD4AE1 /* View.swift in Sources */,
				5468A41A23693AB100CD4AE1 /* TopPageViewController.swift in Sources */,
				542F02D22367C14F00C20E91 /* ViewController.swift in Sources */,
				54A28AA12373BAC9002063F1 /* KeepRecordingPageViewController.swift in Sources */,
				5441B4C42369B055003E2B15 /* RootViewController.swift in Sources */,
				54507B8E2372C43000492F10 /* TopPageTableViewCell.swift in Sources */,
				542F02D02367C14F00C20E91 /* AppDelegate.swift in Sources */,
				542F02E42367D34900C20E91 /* TopPagePanelView.swift in Sources */,
				54507B902372C75E00492F10 /* SheetModel.swift in Sources */,
				5449C7CE236EA6A2008BD6B0 /* Model.swift in Sources */,
				5449C7CB236EA4F2008BD6B0 /* CustomCell.swift in Sources */,
				5441B4C02369AECE003E2B15 /* AboutCbtPageViewController.swift in Sources */,
				5441B4BC2369AE9C003E2B15 /* CbtSheetPageViewController.swift in Sources */,
				5441B4C62369B1E4003E2B15 /* HomePageViewController.swift in Sources */,
				5468A416236922E100CD4AE1 /* BehavioralExperiment.swift in Sources */,
				54D3EAEF2372596100FF0FF8 /* MyDiaryLogTableViewCell.swift in Sources */,
				54A28AA42373BDEA002063F1 /* BehavioralExperimentCellCollectionViewCell.swift in Sources */,
				5441B4BE2369AEBB003E2B15 /* MyPageViewController.swift in Sources */,
				5457B913236D312B00295F57 /* AutoThinkingSheetPageViewController.swift in Sources */,
				5441B4C22369AFBE003E2B15 /* PhotoViewController.swift in Sources */,
			);
			runOnlyForDeploymentPostprocessing = 0;
		};
/* End PBXSourcesBuildPhase section */

/* Begin PBXVariantGroup section */
		542F02D32367C14F00C20E91 /* Main.storyboard */ = {
			isa = PBXVariantGroup;
			children = (
				542F02D42367C14F00C20E91 /* Base */,
			);
			name = Main.storyboard;
			sourceTree = "<group>";
		};
		542F02D82367C15300C20E91 /* LaunchScreen.storyboard */ = {
			isa = PBXVariantGroup;
			children = (
				542F02D92367C15300C20E91 /* Base */,
			);
			name = LaunchScreen.storyboard;
			sourceTree = "<group>";
		};
/* End PBXVariantGroup section */

/* Begin XCBuildConfiguration section */
		542F02DC2367C15300C20E91 /* Debug */ = {
			isa = XCBuildConfiguration;
			buildSettings = {
				ALWAYS_SEARCH_USER_PATHS = NO;
				CLANG_ANALYZER_NONNULL = YES;
				CLANG_ANALYZER_NUMBER_OBJECT_CONVERSION = YES_AGGRESSIVE;
				CLANG_CXX_LANGUAGE_STANDARD = "gnu++14";
				CLANG_CXX_LIBRARY = "libc++";
				CLANG_ENABLE_MODULES = YES;
				CLANG_ENABLE_OBJC_ARC = YES;
				CLANG_ENABLE_OBJC_WEAK = YES;
				CLANG_WARN_BLOCK_CAPTURE_AUTORELEASING = YES;
				CLANG_WARN_BOOL_CONVERSION = YES;
				CLANG_WARN_COMMA = YES;
				CLANG_WARN_CONSTANT_CONVERSION = YES;
				CLANG_WARN_DEPRECATED_OBJC_IMPLEMENTATIONS = YES;
				CLANG_WARN_DIRECT_OBJC_ISA_USAGE = YES_ERROR;
				CLANG_WARN_DOCUMENTATION_COMMENTS = YES;
				CLANG_WARN_EMPTY_BODY = YES;
				CLANG_WARN_ENUM_CONVERSION = YES;
				CLANG_WARN_INFINITE_RECURSION = YES;
				CLANG_WARN_INT_CONVERSION = YES;
				CLANG_WARN_NON_LITERAL_NULL_CONVERSION = YES;
				CLANG_WARN_OBJC_IMPLICIT_RETAIN_SELF = YES;
				CLANG_WARN_OBJC_LITERAL_CONVERSION = YES;
				CLANG_WARN_OBJC_ROOT_CLASS = YES_ERROR;
				CLANG_WARN_RANGE_LOOP_ANALYSIS = YES;
				CLANG_WARN_STRICT_PROTOTYPES = YES;
				CLANG_WARN_SUSPICIOUS_MOVE = YES;
				CLANG_WARN_UNGUARDED_AVAILABILITY = YES_AGGRESSIVE;
				CLANG_WARN_UNREACHABLE_CODE = YES;
				CLANG_WARN__DUPLICATE_METHOD_MATCH = YES;
				CODE_SIGN_IDENTITY = "iPhone Developer";
				COPY_PHASE_STRIP = NO;
				DEBUG_INFORMATION_FORMAT = dwarf;
				ENABLE_STRICT_OBJC_MSGSEND = YES;
				ENABLE_TESTABILITY = YES;
				GCC_C_LANGUAGE_STANDARD = gnu11;
				GCC_DYNAMIC_NO_PIC = NO;
				GCC_NO_COMMON_BLOCKS = YES;
				GCC_OPTIMIZATION_LEVEL = 0;
				GCC_PREPROCESSOR_DEFINITIONS = (
					"DEBUG=1",
					"$(inherited)",
				);
				GCC_WARN_64_TO_32_BIT_CONVERSION = YES;
				GCC_WARN_ABOUT_RETURN_TYPE = YES_ERROR;
				GCC_WARN_UNDECLARED_SELECTOR = YES;
				GCC_WARN_UNINITIALIZED_AUTOS = YES_AGGRESSIVE;
				GCC_WARN_UNUSED_FUNCTION = YES;
				GCC_WARN_UNUSED_VARIABLE = YES;
				IPHONEOS_DEPLOYMENT_TARGET = 12.1;
				MTL_ENABLE_DEBUG_INFO = INCLUDE_SOURCE;
				MTL_FAST_MATH = YES;
				ONLY_ACTIVE_ARCH = YES;
				SDKROOT = iphoneos;
				SWIFT_ACTIVE_COMPILATION_CONDITIONS = DEBUG;
				SWIFT_OPTIMIZATION_LEVEL = "-Onone";
			};
			name = Debug;
		};
		542F02DD2367C15300C20E91 /* Release */ = {
			isa = XCBuildConfiguration;
			buildSettings = {
				ALWAYS_SEARCH_USER_PATHS = NO;
				CLANG_ANALYZER_NONNULL = YES;
				CLANG_ANALYZER_NUMBER_OBJECT_CONVERSION = YES_AGGRESSIVE;
				CLANG_CXX_LANGUAGE_STANDARD = "gnu++14";
				CLANG_CXX_LIBRARY = "libc++";
				CLANG_ENABLE_MODULES = YES;
				CLANG_ENABLE_OBJC_ARC = YES;
				CLANG_ENABLE_OBJC_WEAK = YES;
				CLANG_WARN_BLOCK_CAPTURE_AUTORELEASING = YES;
				CLANG_WARN_BOOL_CONVERSION = YES;
				CLANG_WARN_COMMA = YES;
				CLANG_WARN_CONSTANT_CONVERSION = YES;
				CLANG_WARN_DEPRECATED_OBJC_IMPLEMENTATIONS = YES;
				CLANG_WARN_DIRECT_OBJC_ISA_USAGE = YES_ERROR;
				CLANG_WARN_DOCUMENTATION_COMMENTS = YES;
				CLANG_WARN_EMPTY_BODY = YES;
				CLANG_WARN_ENUM_CONVERSION = YES;
				CLANG_WARN_INFINITE_RECURSION = YES;
				CLANG_WARN_INT_CONVERSION = YES;
				CLANG_WARN_NON_LITERAL_NULL_CONVERSION = YES;
				CLANG_WARN_OBJC_IMPLICIT_RETAIN_SELF = YES;
				CLANG_WARN_OBJC_LITERAL_CONVERSION = YES;
				CLANG_WARN_OBJC_ROOT_CLASS = YES_ERROR;
				CLANG_WARN_RANGE_LOOP_ANALYSIS = YES;
				CLANG_WARN_STRICT_PROTOTYPES = YES;
				CLANG_WARN_SUSPICIOUS_MOVE = YES;
				CLANG_WARN_UNGUARDED_AVAILABILITY = YES_AGGRESSIVE;
				CLANG_WARN_UNREACHABLE_CODE = YES;
				CLANG_WARN__DUPLICATE_METHOD_MATCH = YES;
				CODE_SIGN_IDENTITY = "iPhone Developer";
				COPY_PHASE_STRIP = NO;
				DEBUG_INFORMATION_FORMAT = "dwarf-with-dsym";
				ENABLE_NS_ASSERTIONS = NO;
				ENABLE_STRICT_OBJC_MSGSEND = YES;
				GCC_C_LANGUAGE_STANDARD = gnu11;
				GCC_NO_COMMON_BLOCKS = YES;
				GCC_WARN_64_TO_32_BIT_CONVERSION = YES;
				GCC_WARN_ABOUT_RETURN_TYPE = YES_ERROR;
				GCC_WARN_UNDECLARED_SELECTOR = YES;
				GCC_WARN_UNINITIALIZED_AUTOS = YES_AGGRESSIVE;
				GCC_WARN_UNUSED_FUNCTION = YES;
				GCC_WARN_UNUSED_VARIABLE = YES;
				IPHONEOS_DEPLOYMENT_TARGET = 12.1;
				MTL_ENABLE_DEBUG_INFO = NO;
				MTL_FAST_MATH = YES;
				SDKROOT = iphoneos;
				SWIFT_COMPILATION_MODE = wholemodule;
				SWIFT_OPTIMIZATION_LEVEL = "-O";
				VALIDATE_PRODUCT = YES;
			};
			name = Release;
		};
		542F02DF2367C15300C20E91 /* Debug */ = {
			isa = XCBuildConfiguration;
			baseConfigurationReference = 5921CD0060BEDAC27283CF74 /* Pods-cbt_diary.debug.xcconfig */;
			buildSettings = {
				ASSETCATALOG_COMPILER_APPICON_NAME = AppIcon;
				CODE_SIGN_STYLE = Automatic;
				DEVELOPMENT_TEAM = 59F2M7UA57;
				INFOPLIST_FILE = cbt_diary/Info.plist;
				LD_RUNPATH_SEARCH_PATHS = (
					"$(inherited)",
					"@executable_path/Frameworks",
				);
				PRODUCT_BUNDLE_IDENTIFIER = "jp.techacademy.ryogo.niwa.cbt-diary";
				PRODUCT_NAME = "$(TARGET_NAME)";
				SWIFT_VERSION = 4.2;
				TARGETED_DEVICE_FAMILY = "1,2";
			};
			name = Debug;
		};
		542F02E02367C15300C20E91 /* Release */ = {
			isa = XCBuildConfiguration;
			baseConfigurationReference = 9D555DA2F09EA2B972E9B796 /* Pods-cbt_diary.release.xcconfig */;
			buildSettings = {
				ASSETCATALOG_COMPILER_APPICON_NAME = AppIcon;
				CODE_SIGN_STYLE = Automatic;
				DEVELOPMENT_TEAM = 59F2M7UA57;
				INFOPLIST_FILE = cbt_diary/Info.plist;
				LD_RUNPATH_SEARCH_PATHS = (
					"$(inherited)",
					"@executable_path/Frameworks",
				);
				PRODUCT_BUNDLE_IDENTIFIER = "jp.techacademy.ryogo.niwa.cbt-diary";
				PRODUCT_NAME = "$(TARGET_NAME)";
				SWIFT_VERSION = 4.2;
				TARGETED_DEVICE_FAMILY = "1,2";
			};
			name = Release;
		};
/* End XCBuildConfiguration section */

/* Begin XCConfigurationList section */
		542F02C72367C14F00C20E91 /* Build configuration list for PBXProject "cbt_diary" */ = {
			isa = XCConfigurationList;
			buildConfigurations = (
				542F02DC2367C15300C20E91 /* Debug */,
				542F02DD2367C15300C20E91 /* Release */,
			);
			defaultConfigurationIsVisible = 0;
			defaultConfigurationName = Release;
		};
		542F02DE2367C15300C20E91 /* Build configuration list for PBXNativeTarget "cbt_diary" */ = {
			isa = XCConfigurationList;
			buildConfigurations = (
				542F02DF2367C15300C20E91 /* Debug */,
				542F02E02367C15300C20E91 /* Release */,
			);
			defaultConfigurationIsVisible = 0;
			defaultConfigurationName = Release;
		};
/* End XCConfigurationList section */
	};
	rootObject = 542F02C42367C14F00C20E91 /* Project object */;
}
